{
  "nodes": {
    "flake-utils": {
      "inputs": {
        "systems": "systems"
      },
      "locked": {
        "lastModified": 1685518550,
        "narHash": "sha256-o2d0KcvaXzTrPRIo0kOLV0/QXHhDQ5DTi+OxcjO8xqY=",
        "owner": "numtide",
        "repo": "flake-utils",
        "rev": "a1720a10a6cfe8234c0e93907ffe81be440f4cef",
        "type": "github"
      },
      "original": {
        "owner": "numtide",
        "repo": "flake-utils",
        "type": "github"
      }
    },
    "home-manager": {
      "inputs": {
        "nixpkgs": [
          "nixpkgs"
        ]
      },
      "locked": {
        "lastModified": 1691882297,
        "narHash": "sha256-e1/LAQSGLnBywfA1TfMl0Vj3tvYka73XOZ/D2/CJowE=",
        "owner": "nix-community",
        "repo": "home-manager",
        "rev": "c3ab5ea047e6dc73df530948f7367455749d8906",
        "type": "github"
      },
      "original": {
        "owner": "nix-community",
        "repo": "home-manager",
        "type": "github"
      }
    },
    "nixpkgs": {
      "locked": {
        "lastModified": 1691654369,
        "narHash": "sha256-gSILTEx1jRaJjwZxRlnu3ZwMn1FVNk80qlwiCX8kmpo=",
        "owner": "NixOS",
        "repo": "nixpkgs",
        "rev": "ce5e4a6ef2e59d89a971bc434ca8ca222b9c7f5e",
        "type": "github"
      },
      "original": {
        "owner": "NixOS",
        "ref": "nixos-unstable",
        "repo": "nixpkgs",
        "type": "github"
      }
    },
    "nur": {
      "locked": {
        "lastModified": 1691937578,
        "narHash": "sha256-uhwySARPlJ7BXa6Pwae9QGPof4aesK2k5TckF/2jFYA=",
        "owner": "nix-community",
        "repo": "NUR",
        "rev": "121b41588a67bfd0539443c6a1895ef34e4b7536",
        "type": "github"
      },
      "original": {
        "owner": "nix-community",
        "repo": "NUR",
        "type": "github"
      }
    },
    "root": {
      "inputs": {
        "home-manager": "home-manager",
        "nixpkgs": "nixpkgs",
        "nur": "nur",
        "spicetify-nix": "spicetify-nix"
      }
    },
    "spicetify-nix": {
      "inputs": {
        "flake-utils": "flake-utils",
        "nixpkgs": [
          "nixpkgs"
        ]
      },
      "locked": {
        "lastModified": 1691869785,
        "narHash": "sha256-EFtltWGKygoSTixnyRZIzmZ56+prWCvkQZMVvXBi9NI=",
        "owner": "the-argus",
        "repo": "spicetify-nix",
        "rev": "0d73b32c0789f337e917a9e1a038b08197b2ade5",
        "type": "github"
      },
      "original": {
        "owner": "the-argus",
        "repo": "spicetify-nix",
        "type": "github"
      }
    },
    "systems": {
      "locked": {
        "lastModified": 1681028828,
        "narHash": "sha256-Vy1rq5AaRuLzOxct8nz4T6wlgyUR7zLU309k9mBC768=",
        "owner": "nix-systems",
        "repo": "default",
        "rev": "da67096a3b9bf56a91d16901293e51ba5b49a27e",
        "type": "github"
      },
      "original": {
        "owner": "nix-systems",
        "repo": "default",
        "type": "github"
      }
    }
  },
  "root": "root",
  "version": 7
}
